
Microsoft Visual Studio Solution File, Format Version 12.00
# Visual Studio Version 17
VisualStudioVersion = 17.7.34031.279
MinimumVisualStudioVersion = 10.0.40219.1
Project("{FAE04EC0-301F-11D3-BF4B-00C04F79EFBC}") = "PhongVien_demo", "PhongVien_demo.csproj", "{04FB2AC3-59AF-4147-87B7-89DE6A4825C9}"
EndProject
Global
	GlobalSection(SolutionConfigurationPlatforms) = preSolution
		Debug|Any CPU = Debug|Any CPU
		Release|Any CPU = Release|Any CPU
	EndGlobalSection
	GlobalSection(ProjectConfigurationPlatforms) = postSolution
		{04FB2AC3-59AF-4147-87B7-89DE6A4825C9}.Debug|Any CPU.ActiveCfg = Debug|Any CPU
		{04FB2AC3-59AF-4147-87B7-89DE6A4825C9}.Debug|Any CPU.Build.0 = Debug|Any CPU
		{04FB2AC3-59AF-4147-87B7-89DE6A4825C9}.Release|Any CPU.ActiveCfg = Release|Any CPU
		{04FB2AC3-59AF-4147-87B7-89DE6A4825C9}.Release|Any CPU.Build.0 = Release|Any CPU
	EndGlobalSection
	GlobalSection(SolutionProperties) = preSolution
		HideSolutionNode = FALSE
	EndGlobalSection
	GlobalSection(ExtensibilityGlobals) = postSolution
		SolutionGuid = {2E49F4DF-EA88-4BC5-BDE2-FC705BBE31F9}
	EndGlobalSection
EndGlobal
